// !$*UTF8*$!
{
	archiveVersion = 1;
	classes = {
	};
	objectVersion = 56;
	objects = {

/* Begin PBXBuildFile section */
		400F06C429D83E180055EB90 /* AppDelegate.swift in Sources */ = {isa = PBXBuildFile; fileRef = 400F06C329D83E180055EB90 /* AppDelegate.swift */; };
		400F06C629D83E180055EB90 /* SceneDelegate.swift in Sources */ = {isa = PBXBuildFile; fileRef = 400F06C529D83E180055EB90 /* SceneDelegate.swift */; };
		400F06C829D83E180055EB90 /* RMTabViewController.swift in Sources */ = {isa = PBXBuildFile; fileRef = 400F06C729D83E180055EB90 /* RMTabViewController.swift */; };
		400F06CD29D83E190055EB90 /* Assets.xcassets in Resources */ = {isa = PBXBuildFile; fileRef = 400F06CC29D83E190055EB90 /* Assets.xcassets */; };
		400F06D029D83E190055EB90 /* LaunchScreen.storyboard in Resources */ = {isa = PBXBuildFile; fileRef = 400F06CE29D83E190055EB90 /* LaunchScreen.storyboard */; };
		400F06DF29D8403A0055EB90 /* RMLocation.swift in Sources */ = {isa = PBXBuildFile; fileRef = 400F06DE29D8403A0055EB90 /* RMLocation.swift */; };
		400F06E129D840460055EB90 /* RMCharacter.swift in Sources */ = {isa = PBXBuildFile; fileRef = 400F06E029D840460055EB90 /* RMCharacter.swift */; };
		400F06E329D8405E0055EB90 /* RMEpisode.swift in Sources */ = {isa = PBXBuildFile; fileRef = 400F06E229D8405E0055EB90 /* RMEpisode.swift */; };
		400F06E629D8410A0055EB90 /* RMCharacterViewController.swift in Sources */ = {isa = PBXBuildFile; fileRef = 400F06E529D8410A0055EB90 /* RMCharacterViewController.swift */; };
		400F06E829D841220055EB90 /* RMLocationViewController.swift in Sources */ = {isa = PBXBuildFile; fileRef = 400F06E729D841220055EB90 /* RMLocationViewController.swift */; };
		400F06EA29D8413E0055EB90 /* RMEpisodeViewController.swift in Sources */ = {isa = PBXBuildFile; fileRef = 400F06E929D8413E0055EB90 /* RMEpisodeViewController.swift */; };
		400F06EC29D8415D0055EB90 /* RMSettingsViewController.swift in Sources */ = {isa = PBXBuildFile; fileRef = 400F06EB29D8415D0055EB90 /* RMSettingsViewController.swift */; };
		400F06EE29D8494A0055EB90 /* RMService.swift in Sources */ = {isa = PBXBuildFile; fileRef = 400F06ED29D849490055EB90 /* RMService.swift */; };
		400F06F029D8495A0055EB90 /* RMRequest.swift in Sources */ = {isa = PBXBuildFile; fileRef = 400F06EF29D8495A0055EB90 /* RMRequest.swift */; };
		400F06F229D849FD0055EB90 /* RMEndpoint.swift in Sources */ = {isa = PBXBuildFile; fileRef = 400F06F129D849FD0055EB90 /* RMEndpoint.swift */; };
		400F06F429D850810055EB90 /* RMOrigin.swift in Sources */ = {isa = PBXBuildFile; fileRef = 400F06F329D850810055EB90 /* RMOrigin.swift */; };
		400F06F629D850D00055EB90 /* RMSingleLocation.swift in Sources */ = {isa = PBXBuildFile; fileRef = 400F06F529D850D00055EB90 /* RMSingleLocation.swift */; };
		400F06F829D851E80055EB90 /* RMCharacterStatus.swift in Sources */ = {isa = PBXBuildFile; fileRef = 400F06F729D851E80055EB90 /* RMCharacterStatus.swift */; };
		400F06FA29D852320055EB90 /* RMCharacterGender.swift in Sources */ = {isa = PBXBuildFile; fileRef = 400F06F929D852320055EB90 /* RMCharacterGender.swift */; };
		400F06FE29D86DCB0055EB90 /* RMGetAllCharacterResponse.swift in Sources */ = {isa = PBXBuildFile; fileRef = 400F06FD29D86DCB0055EB90 /* RMGetAllCharacterResponse.swift */; };
		400F072029D91C4A0055EB90 /* RMCharacterListViewViewModel.swift in Sources */ = {isa = PBXBuildFile; fileRef = 400F071F29D91C4A0055EB90 /* RMCharacterListViewViewModel.swift */; };
		400F072229D91CAB0055EB90 /* RMCharacterListView.swift in Sources */ = {isa = PBXBuildFile; fileRef = 400F072129D91CAB0055EB90 /* RMCharacterListView.swift */; };
		400F072429D922BD0055EB90 /* Extensions.swift in Sources */ = {isa = PBXBuildFile; fileRef = 400F072329D922BD0055EB90 /* Extensions.swift */; };
		408A800929DD3852003477F8 /* RMAPICacheManager.swift in Sources */ = {isa = PBXBuildFile; fileRef = 408A800829DD3852003477F8 /* RMAPICacheManager.swift */; };
		408A800B29DD4139003477F8 /* RMEpisodeDetailViewViewModel.swift in Sources */ = {isa = PBXBuildFile; fileRef = 408A800A29DD4139003477F8 /* RMEpisodeDetailViewViewModel.swift */; };
		408A800D29DD4197003477F8 /* RMEpisodeDetailView.swift in Sources */ = {isa = PBXBuildFile; fileRef = 408A800C29DD4197003477F8 /* RMEpisodeDetailView.swift */; };
		408A801029DD432C003477F8 /* RMEpisodeListView.swift in Sources */ = {isa = PBXBuildFile; fileRef = 408A800F29DD432C003477F8 /* RMEpisodeListView.swift */; };
		408A801229DD46F4003477F8 /* RMEpisodeListViewViewModel.swift in Sources */ = {isa = PBXBuildFile; fileRef = 408A801129DD46F4003477F8 /* RMEpisodeListViewViewModel.swift */; };
		408A801429DD4A83003477F8 /* RMGetAllEpisodesResponse.swift in Sources */ = {isa = PBXBuildFile; fileRef = 408A801329DD4A83003477F8 /* RMGetAllEpisodesResponse.swift */; };
		4096F82729DC26CD004A02C6 /* RMEpisodeDetailViewController.swift in Sources */ = {isa = PBXBuildFile; fileRef = 4096F82629DC26CD004A02C6 /* RMEpisodeDetailViewController.swift */; };
		40BA114829DA6C0A003394D1 /* RMImageLoader.swift in Sources */ = {isa = PBXBuildFile; fileRef = 40BA114729DA6C0A003394D1 /* RMImageLoader.swift */; };
		40BCB8C029D9346B00AFFFF9 /* RMCharacterCollectionViewCell.swift in Sources */ = {isa = PBXBuildFile; fileRef = 40BCB8BF29D9346B00AFFFF9 /* RMCharacterCollectionViewCell.swift */; };
		40BCB8C229D93B4600AFFFF9 /* RMCharacterCollectionViewCellViewModel.swift in Sources */ = {isa = PBXBuildFile; fileRef = 40BCB8C129D93B4600AFFFF9 /* RMCharacterCollectionViewCellViewModel.swift */; };
		40BCB8C529D9527A00AFFFF9 /* RMCharacterDetailViewController.swift in Sources */ = {isa = PBXBuildFile; fileRef = 40BCB8C429D9527A00AFFFF9 /* RMCharacterDetailViewController.swift */; };
		40BCB8C729D9531000AFFFF9 /* RMCharacterDetailView.swift in Sources */ = {isa = PBXBuildFile; fileRef = 40BCB8C629D9531000AFFFF9 /* RMCharacterDetailView.swift */; };
		40BCB8C929D9532B00AFFFF9 /* RMCharacterDetailViewViewModel.swift in Sources */ = {isa = PBXBuildFile; fileRef = 40BCB8C829D9532B00AFFFF9 /* RMCharacterDetailViewViewModel.swift */; };
		40BCB8CB29D9588400AFFFF9 /* RMFooterLoadingCollectionReusableView.swift in Sources */ = {isa = PBXBuildFile; fileRef = 40BCB8CA29D9588400AFFFF9 /* RMFooterLoadingCollectionReusableView.swift */; };
		40F2ABF429DBF35200CDC3D8 /* RMCharacterPhotoCollectionViewCell.swift in Sources */ = {isa = PBXBuildFile; fileRef = 40F2ABF329DBF35200CDC3D8 /* RMCharacterPhotoCollectionViewCell.swift */; };
		40F2ABF629DBF36B00CDC3D8 /* RMCharacterEpisodeCollectionViewCell.swift in Sources */ = {isa = PBXBuildFile; fileRef = 40F2ABF529DBF36B00CDC3D8 /* RMCharacterEpisodeCollectionViewCell.swift */; };
		40F2ABF829DBF38000CDC3D8 /* RMCharacterInfoCollectionViewCell.swift in Sources */ = {isa = PBXBuildFile; fileRef = 40F2ABF729DBF38000CDC3D8 /* RMCharacterInfoCollectionViewCell.swift */; };
		40F2ABFB29DBF40400CDC3D8 /* RMCharacterPhotoCollectionViewCellViewModel.swift in Sources */ = {isa = PBXBuildFile; fileRef = 40F2ABFA29DBF40400CDC3D8 /* RMCharacterPhotoCollectionViewCellViewModel.swift */; };
		40F2ABFD29DBF42000CDC3D8 /* RMCharacterEpisodeCollectionViewCellViewModel.swift in Sources */ = {isa = PBXBuildFile; fileRef = 40F2ABFC29DBF42000CDC3D8 /* RMCharacterEpisodeCollectionViewCellViewModel.swift */; };
		40F2ABFF29DBF42A00CDC3D8 /* RMCharacterInfoCollectionViewCellViewModel.swift in Sources */ = {isa = PBXBuildFile; fileRef = 40F2ABFE29DBF42A00CDC3D8 /* RMCharacterInfoCollectionViewCellViewModel.swift */; };
/* End PBXBuildFile section */

/* Begin PBXFileReference section */
		400F06C029D83E180055EB90 /* RickyAndMorty.app */ = {isa = PBXFileReference; explicitFileType = wrapper.application; includeInIndex = 0; path = RickyAndMorty.app; sourceTree = BUILT_PRODUCTS_DIR; };
		400F06C329D83E180055EB90 /* AppDelegate.swift */ = {isa = PBXFileReference; lastKnownFileType = sourcecode.swift; path = AppDelegate.swift; sourceTree = "<group>"; };
		400F06C529D83E180055EB90 /* SceneDelegate.swift */ = {isa = PBXFileReference; lastKnownFileType = sourcecode.swift; path = SceneDelegate.swift; sourceTree = "<group>"; };
		400F06C729D83E180055EB90 /* RMTabViewController.swift */ = {isa = PBXFileReference; lastKnownFileType = sourcecode.swift; path = RMTabViewController.swift; sourceTree = "<group>"; };
		400F06CC29D83E190055EB90 /* Assets.xcassets */ = {isa = PBXFileReference; lastKnownFileType = folder.assetcatalog; path = Assets.xcassets; sourceTree = "<group>"; };
		400F06CF29D83E190055EB90 /* Base */ = {isa = PBXFileReference; lastKnownFileType = file.storyboard; name = Base; path = Base.lproj/LaunchScreen.storyboard; sourceTree = "<group>"; };
		400F06D129D83E190055EB90 /* Info.plist */ = {isa = PBXFileReference; lastKnownFileType = text.plist.xml; path = Info.plist; sourceTree = "<group>"; };
		400F06DE29D8403A0055EB90 /* RMLocation.swift */ = {isa = PBXFileReference; lastKnownFileType = sourcecode.swift; path = RMLocation.swift; sourceTree = "<group>"; };
		400F06E029D840460055EB90 /* RMCharacter.swift */ = {isa = PBXFileReference; lastKnownFileType = sourcecode.swift; path = RMCharacter.swift; sourceTree = "<group>"; };
		400F06E229D8405E0055EB90 /* RMEpisode.swift */ = {isa = PBXFileReference; lastKnownFileType = sourcecode.swift; path = RMEpisode.swift; sourceTree = "<group>"; };
		400F06E529D8410A0055EB90 /* RMCharacterViewController.swift */ = {isa = PBXFileReference; lastKnownFileType = sourcecode.swift; path = RMCharacterViewController.swift; sourceTree = "<group>"; };
		400F06E729D841220055EB90 /* RMLocationViewController.swift */ = {isa = PBXFileReference; lastKnownFileType = sourcecode.swift; path = RMLocationViewController.swift; sourceTree = "<group>"; };
		400F06E929D8413E0055EB90 /* RMEpisodeViewController.swift */ = {isa = PBXFileReference; lastKnownFileType = sourcecode.swift; path = RMEpisodeViewController.swift; sourceTree = "<group>"; };
		400F06EB29D8415D0055EB90 /* RMSettingsViewController.swift */ = {isa = PBXFileReference; lastKnownFileType = sourcecode.swift; path = RMSettingsViewController.swift; sourceTree = "<group>"; };
		400F06ED29D849490055EB90 /* RMService.swift */ = {isa = PBXFileReference; lastKnownFileType = sourcecode.swift; path = RMService.swift; sourceTree = "<group>"; };
		400F06EF29D8495A0055EB90 /* RMRequest.swift */ = {isa = PBXFileReference; lastKnownFileType = sourcecode.swift; path = RMRequest.swift; sourceTree = "<group>"; };
		400F06F129D849FD0055EB90 /* RMEndpoint.swift */ = {isa = PBXFileReference; lastKnownFileType = sourcecode.swift; path = RMEndpoint.swift; sourceTree = "<group>"; };
		400F06F329D850810055EB90 /* RMOrigin.swift */ = {isa = PBXFileReference; lastKnownFileType = sourcecode.swift; path = RMOrigin.swift; sourceTree = "<group>"; };
		400F06F529D850D00055EB90 /* RMSingleLocation.swift */ = {isa = PBXFileReference; lastKnownFileType = sourcecode.swift; path = RMSingleLocation.swift; sourceTree = "<group>"; };
		400F06F729D851E80055EB90 /* RMCharacterStatus.swift */ = {isa = PBXFileReference; lastKnownFileType = sourcecode.swift; path = RMCharacterStatus.swift; sourceTree = "<group>"; };
		400F06F929D852320055EB90 /* RMCharacterGender.swift */ = {isa = PBXFileReference; lastKnownFileType = sourcecode.swift; path = RMCharacterGender.swift; sourceTree = "<group>"; };
		400F06FD29D86DCB0055EB90 /* RMGetAllCharacterResponse.swift */ = {isa = PBXFileReference; lastKnownFileType = sourcecode.swift; path = RMGetAllCharacterResponse.swift; sourceTree = "<group>"; };
		400F071F29D91C4A0055EB90 /* RMCharacterListViewViewModel.swift */ = {isa = PBXFileReference; lastKnownFileType = sourcecode.swift; path = RMCharacterListViewViewModel.swift; sourceTree = "<group>"; };
		400F072129D91CAB0055EB90 /* RMCharacterListView.swift */ = {isa = PBXFileReference; lastKnownFileType = sourcecode.swift; path = RMCharacterListView.swift; sourceTree = "<group>"; };
		400F072329D922BD0055EB90 /* Extensions.swift */ = {isa = PBXFileReference; lastKnownFileType = sourcecode.swift; path = Extensions.swift; sourceTree = "<group>"; };
		408A800829DD3852003477F8 /* RMAPICacheManager.swift */ = {isa = PBXFileReference; lastKnownFileType = sourcecode.swift; path = RMAPICacheManager.swift; sourceTree = "<group>"; };
		408A800A29DD4139003477F8 /* RMEpisodeDetailViewViewModel.swift */ = {isa = PBXFileReference; lastKnownFileType = sourcecode.swift; path = RMEpisodeDetailViewViewModel.swift; sourceTree = "<group>"; };
		408A800C29DD4197003477F8 /* RMEpisodeDetailView.swift */ = {isa = PBXFileReference; lastKnownFileType = sourcecode.swift; path = RMEpisodeDetailView.swift; sourceTree = "<group>"; };
		408A800F29DD432C003477F8 /* RMEpisodeListView.swift */ = {isa = PBXFileReference; lastKnownFileType = sourcecode.swift; path = RMEpisodeListView.swift; sourceTree = "<group>"; };
		408A801129DD46F4003477F8 /* RMEpisodeListViewViewModel.swift */ = {isa = PBXFileReference; lastKnownFileType = sourcecode.swift; path = RMEpisodeListViewViewModel.swift; sourceTree = "<group>"; };
		408A801329DD4A83003477F8 /* RMGetAllEpisodesResponse.swift */ = {isa = PBXFileReference; lastKnownFileType = sourcecode.swift; path = RMGetAllEpisodesResponse.swift; sourceTree = "<group>"; };
		4096F82629DC26CD004A02C6 /* RMEpisodeDetailViewController.swift */ = {isa = PBXFileReference; lastKnownFileType = sourcecode.swift; path = RMEpisodeDetailViewController.swift; sourceTree = "<group>"; };
		40BA114729DA6C0A003394D1 /* RMImageLoader.swift */ = {isa = PBXFileReference; lastKnownFileType = sourcecode.swift; path = RMImageLoader.swift; sourceTree = "<group>"; };
		40BCB8BF29D9346B00AFFFF9 /* RMCharacterCollectionViewCell.swift */ = {isa = PBXFileReference; lastKnownFileType = sourcecode.swift; path = RMCharacterCollectionViewCell.swift; sourceTree = "<group>"; };
		40BCB8C129D93B4600AFFFF9 /* RMCharacterCollectionViewCellViewModel.swift */ = {isa = PBXFileReference; lastKnownFileType = sourcecode.swift; path = RMCharacterCollectionViewCellViewModel.swift; sourceTree = "<group>"; };
		40BCB8C429D9527A00AFFFF9 /* RMCharacterDetailViewController.swift */ = {isa = PBXFileReference; lastKnownFileType = sourcecode.swift; path = RMCharacterDetailViewController.swift; sourceTree = "<group>"; };
		40BCB8C629D9531000AFFFF9 /* RMCharacterDetailView.swift */ = {isa = PBXFileReference; lastKnownFileType = sourcecode.swift; path = RMCharacterDetailView.swift; sourceTree = "<group>"; };
		40BCB8C829D9532B00AFFFF9 /* RMCharacterDetailViewViewModel.swift */ = {isa = PBXFileReference; lastKnownFileType = sourcecode.swift; path = RMCharacterDetailViewViewModel.swift; sourceTree = "<group>"; };
		40BCB8CA29D9588400AFFFF9 /* RMFooterLoadingCollectionReusableView.swift */ = {isa = PBXFileReference; lastKnownFileType = sourcecode.swift; path = RMFooterLoadingCollectionReusableView.swift; sourceTree = "<group>"; };
		40F2ABF329DBF35200CDC3D8 /* RMCharacterPhotoCollectionViewCell.swift */ = {isa = PBXFileReference; lastKnownFileType = sourcecode.swift; path = RMCharacterPhotoCollectionViewCell.swift; sourceTree = "<group>"; };
		40F2ABF529DBF36B00CDC3D8 /* RMCharacterEpisodeCollectionViewCell.swift */ = {isa = PBXFileReference; lastKnownFileType = sourcecode.swift; path = RMCharacterEpisodeCollectionViewCell.swift; sourceTree = "<group>"; };
		40F2ABF729DBF38000CDC3D8 /* RMCharacterInfoCollectionViewCell.swift */ = {isa = PBXFileReference; lastKnownFileType = sourcecode.swift; path = RMCharacterInfoCollectionViewCell.swift; sourceTree = "<group>"; };
		40F2ABFA29DBF40400CDC3D8 /* RMCharacterPhotoCollectionViewCellViewModel.swift */ = {isa = PBXFileReference; lastKnownFileType = sourcecode.swift; path = RMCharacterPhotoCollectionViewCellViewModel.swift; sourceTree = "<group>"; };
		40F2ABFC29DBF42000CDC3D8 /* RMCharacterEpisodeCollectionViewCellViewModel.swift */ = {isa = PBXFileReference; lastKnownFileType = sourcecode.swift; path = RMCharacterEpisodeCollectionViewCellViewModel.swift; sourceTree = "<group>"; };
		40F2ABFE29DBF42A00CDC3D8 /* RMCharacterInfoCollectionViewCellViewModel.swift */ = {isa = PBXFileReference; lastKnownFileType = sourcecode.swift; path = RMCharacterInfoCollectionViewCellViewModel.swift; sourceTree = "<group>"; };
/* End PBXFileReference section */

/* Begin PBXFrameworksBuildPhase section */
		400F06BD29D83E180055EB90 /* Frameworks */ = {
			isa = PBXFrameworksBuildPhase;
			buildActionMask = 2147483647;
			files = (
			);
			runOnlyForDeploymentPostprocessing = 0;
		};
/* End PBXFrameworksBuildPhase section */

/* Begin PBXGroup section */
		400F06B729D83E180055EB90 = {
			isa = PBXGroup;
			children = (
				400F06C229D83E180055EB90 /* RickyAndMorty */,
				400F06C129D83E180055EB90 /* Products */,
			);
			sourceTree = "<group>";
		};
		400F06C129D83E180055EB90 /* Products */ = {
			isa = PBXGroup;
			children = (
				400F06C029D83E180055EB90 /* RickyAndMorty.app */,
			);
			name = Products;
			sourceTree = "<group>";
		};
		400F06C229D83E180055EB90 /* RickyAndMorty */ = {
			isa = PBXGroup;
			children = (
				400F06DD29D83F9F0055EB90 /* Resources */,
				400F06DC29D83F960055EB90 /* APIClient */,
				400F06DB29D83F7F0055EB90 /* Managers */,
				400F06DA29D83F6A0055EB90 /* ViewModels */,
				400F06D929D83F590055EB90 /* Views */,
				400F06D829D83F4F0055EB90 /* Models */,
				400F06D729D83F370055EB90 /* Controllers */,
				400F06D129D83E190055EB90 /* Info.plist */,
			);
			path = RickyAndMorty;
			sourceTree = "<group>";
		};
		400F06D729D83F370055EB90 /* Controllers */ = {
			isa = PBXGroup;
			children = (
				40BCB8C329D9526600AFFFF9 /* Other */,
				400F06E429D840DB0055EB90 /* Core */,
			);
			path = Controllers;
			sourceTree = "<group>";
		};
		400F06D829D83F4F0055EB90 /* Models */ = {
			isa = PBXGroup;
			children = (
				400F06FC29D86DA90055EB90 /* APIResponseTypes */,
				400F06FB29D86D8F0055EB90 /* DataTypes */,
			);
			path = Models;
			sourceTree = "<group>";
		};
		400F06D929D83F590055EB90 /* Views */ = {
			isa = PBXGroup;
			children = (
				408A800E29DD4308003477F8 /* Episode */,
				40F2ABF129DBF27500CDC3D8 /* CharacterDetails */,
				40F2ABF229DBF2D300CDC3D8 /* Character */,
				40BCB8CA29D9588400AFFFF9 /* RMFooterLoadingCollectionReusableView.swift */,
				408A800C29DD4197003477F8 /* RMEpisodeDetailView.swift */,
			);
			path = Views;
			sourceTree = "<group>";
		};
		400F06DA29D83F6A0055EB90 /* ViewModels */ = {
			isa = PBXGroup;
			children = (
				40F2ABF929DBF39F00CDC3D8 /* CharacterDetail */,
				400F071F29D91C4A0055EB90 /* RMCharacterListViewViewModel.swift */,
				40BCB8C129D93B4600AFFFF9 /* RMCharacterCollectionViewCellViewModel.swift */,
				408A800A29DD4139003477F8 /* RMEpisodeDetailViewViewModel.swift */,
				408A801129DD46F4003477F8 /* RMEpisodeListViewViewModel.swift */,
			);
			path = ViewModels;
			sourceTree = "<group>";
		};
		400F06DB29D83F7F0055EB90 /* Managers */ = {
			isa = PBXGroup;
			children = (
				40BA114729DA6C0A003394D1 /* RMImageLoader.swift */,
				408A800829DD3852003477F8 /* RMAPICacheManager.swift */,
			);
			path = Managers;
			sourceTree = "<group>";
		};
		400F06DC29D83F960055EB90 /* APIClient */ = {
			isa = PBXGroup;
			children = (
				400F06ED29D849490055EB90 /* RMService.swift */,
				400F06EF29D8495A0055EB90 /* RMRequest.swift */,
				400F06F129D849FD0055EB90 /* RMEndpoint.swift */,
			);
			path = APIClient;
			sourceTree = "<group>";
		};
		400F06DD29D83F9F0055EB90 /* Resources */ = {
			isa = PBXGroup;
			children = (
				400F06CC29D83E190055EB90 /* Assets.xcassets */,
				400F06CE29D83E190055EB90 /* LaunchScreen.storyboard */,
				400F06C329D83E180055EB90 /* AppDelegate.swift */,
				400F06C529D83E180055EB90 /* SceneDelegate.swift */,
				400F072329D922BD0055EB90 /* Extensions.swift */,
			);
			path = Resources;
			sourceTree = "<group>";
		};
		400F06E429D840DB0055EB90 /* Core */ = {
			isa = PBXGroup;
			children = (
				400F06E529D8410A0055EB90 /* RMCharacterViewController.swift */,
				400F06E729D841220055EB90 /* RMLocationViewController.swift */,
				400F06E929D8413E0055EB90 /* RMEpisodeViewController.swift */,
				400F06EB29D8415D0055EB90 /* RMSettingsViewController.swift */,
				400F06C729D83E180055EB90 /* RMTabViewController.swift */,
			);
			path = Core;
			sourceTree = "<group>";
		};
		400F06FB29D86D8F0055EB90 /* DataTypes */ = {
			isa = PBXGroup;
			children = (
				400F06DE29D8403A0055EB90 /* RMLocation.swift */,
				400F06E029D840460055EB90 /* RMCharacter.swift */,
				400F06F929D852320055EB90 /* RMCharacterGender.swift */,
				400F06F729D851E80055EB90 /* RMCharacterStatus.swift */,
				400F06F329D850810055EB90 /* RMOrigin.swift */,
				400F06F529D850D00055EB90 /* RMSingleLocation.swift */,
				400F06E229D8405E0055EB90 /* RMEpisode.swift */,
			);
			path = DataTypes;
			sourceTree = "<group>";
		};
		400F06FC29D86DA90055EB90 /* APIResponseTypes */ = {
			isa = PBXGroup;
			children = (
				400F06FD29D86DCB0055EB90 /* RMGetAllCharacterResponse.swift */,
				408A801329DD4A83003477F8 /* RMGetAllEpisodesResponse.swift */,
			);
			path = APIResponseTypes;
			sourceTree = "<group>";
		};
		408A800E29DD4308003477F8 /* Episode */ = {
			isa = PBXGroup;
			children = (
				408A800F29DD432C003477F8 /* RMEpisodeListView.swift */,
			);
			path = Episode;
			sourceTree = "<group>";
		};
		40BCB8C329D9526600AFFFF9 /* Other */ = {
			isa = PBXGroup;
			children = (
				40BCB8C429D9527A00AFFFF9 /* RMCharacterDetailViewController.swift */,
				4096F82629DC26CD004A02C6 /* RMEpisodeDetailViewController.swift */,
			);
			path = Other;
			sourceTree = "<group>";
		};
		40F2ABF129DBF27500CDC3D8 /* CharacterDetails */ = {
			isa = PBXGroup;
			children = (
				40BCB8C629D9531000AFFFF9 /* RMCharacterDetailView.swift */,
				40F2ABF329DBF35200CDC3D8 /* RMCharacterPhotoCollectionViewCell.swift */,
				40F2ABF529DBF36B00CDC3D8 /* RMCharacterEpisodeCollectionViewCell.swift */,
				40F2ABF729DBF38000CDC3D8 /* RMCharacterInfoCollectionViewCell.swift */,
			);
			path = CharacterDetails;
			sourceTree = "<group>";
		};
		40F2ABF229DBF2D300CDC3D8 /* Character */ = {
			isa = PBXGroup;
			children = (
				400F072129D91CAB0055EB90 /* RMCharacterListView.swift */,
				40BCB8BF29D9346B00AFFFF9 /* RMCharacterCollectionViewCell.swift */,
			);
			path = Character;
			sourceTree = "<group>";
		};
		40F2ABF929DBF39F00CDC3D8 /* CharacterDetail */ = {
			isa = PBXGroup;
			children = (
				40BCB8C829D9532B00AFFFF9 /* RMCharacterDetailViewViewModel.swift */,
				40F2ABFA29DBF40400CDC3D8 /* RMCharacterPhotoCollectionViewCellViewModel.swift */,
				40F2ABFC29DBF42000CDC3D8 /* RMCharacterEpisodeCollectionViewCellViewModel.swift */,
				40F2ABFE29DBF42A00CDC3D8 /* RMCharacterInfoCollectionViewCellViewModel.swift */,
			);
			path = CharacterDetail;
			sourceTree = "<group>";
		};
/* End PBXGroup section */

/* Begin PBXNativeTarget section */
		400F06BF29D83E180055EB90 /* RickyAndMorty */ = {
			isa = PBXNativeTarget;
			buildConfigurationList = 400F06D429D83E190055EB90 /* Build configuration list for PBXNativeTarget "RickyAndMorty" */;
			buildPhases = (
				400F06BC29D83E180055EB90 /* Sources */,
				400F06BD29D83E180055EB90 /* Frameworks */,
				400F06BE29D83E180055EB90 /* Resources */,
			);
			buildRules = (
			);
			dependencies = (
			);
			name = RickyAndMorty;
			productName = RickyAndMorty;
			productReference = 400F06C029D83E180055EB90 /* RickyAndMorty.app */;
			productType = "com.apple.product-type.application";
		};
/* End PBXNativeTarget section */

/* Begin PBXProject section */
		400F06B829D83E180055EB90 /* Project object */ = {
			isa = PBXProject;
			attributes = {
				BuildIndependentTargetsInParallel = 1;
				LastSwiftUpdateCheck = 1420;
				LastUpgradeCheck = 1420;
				TargetAttributes = {
					400F06BF29D83E180055EB90 = {
						CreatedOnToolsVersion = 14.2;
					};
				};
			};
			buildConfigurationList = 400F06BB29D83E180055EB90 /* Build configuration list for PBXProject "RickyAndMorty" */;
			compatibilityVersion = "Xcode 14.0";
			developmentRegion = en;
			hasScannedForEncodings = 0;
			knownRegions = (
				en,
				Base,
			);
			mainGroup = 400F06B729D83E180055EB90;
			productRefGroup = 400F06C129D83E180055EB90 /* Products */;
			projectDirPath = "";
			projectRoot = "";
			targets = (
				400F06BF29D83E180055EB90 /* RickyAndMorty */,
			);
		};
/* End PBXProject section */

/* Begin PBXResourcesBuildPhase section */
		400F06BE29D83E180055EB90 /* Resources */ = {
			isa = PBXResourcesBuildPhase;
			buildActionMask = 2147483647;
			files = (
				400F06D029D83E190055EB90 /* LaunchScreen.storyboard in Resources */,
				400F06CD29D83E190055EB90 /* Assets.xcassets in Resources */,
			);
			runOnlyForDeploymentPostprocessing = 0;
		};
/* End PBXResourcesBuildPhase section */

/* Begin PBXSourcesBuildPhase section */
		400F06BC29D83E180055EB90 /* Sources */ = {
			isa = PBXSourcesBuildPhase;
			buildActionMask = 2147483647;
			files = (
				400F06F429D850810055EB90 /* RMOrigin.swift in Sources */,
				40BCB8C929D9532B00AFFFF9 /* RMCharacterDetailViewViewModel.swift in Sources */,
				400F06F629D850D00055EB90 /* RMSingleLocation.swift in Sources */,
				400F072229D91CAB0055EB90 /* RMCharacterListView.swift in Sources */,
				400F06F829D851E80055EB90 /* RMCharacterStatus.swift in Sources */,
				400F06FA29D852320055EB90 /* RMCharacterGender.swift in Sources */,
				400F06E829D841220055EB90 /* RMLocationViewController.swift in Sources */,
				40F2ABFD29DBF42000CDC3D8 /* RMCharacterEpisodeCollectionViewCellViewModel.swift in Sources */,
				40F2ABFF29DBF42A00CDC3D8 /* RMCharacterInfoCollectionViewCellViewModel.swift in Sources */,
				408A801029DD432C003477F8 /* RMEpisodeListView.swift in Sources */,
				40BCB8C529D9527A00AFFFF9 /* RMCharacterDetailViewController.swift in Sources */,
				40BCB8CB29D9588400AFFFF9 /* RMFooterLoadingCollectionReusableView.swift in Sources */,
				400F06E329D8405E0055EB90 /* RMEpisode.swift in Sources */,
				400F06C829D83E180055EB90 /* RMTabViewController.swift in Sources */,
				400F06EA29D8413E0055EB90 /* RMEpisodeViewController.swift in Sources */,
				40F2ABF829DBF38000CDC3D8 /* RMCharacterInfoCollectionViewCell.swift in Sources */,
				40BCB8C029D9346B00AFFFF9 /* RMCharacterCollectionViewCell.swift in Sources */,
				400F06C429D83E180055EB90 /* AppDelegate.swift in Sources */,
				40BA114829DA6C0A003394D1 /* RMImageLoader.swift in Sources */,
				400F06C629D83E180055EB90 /* SceneDelegate.swift in Sources */,
				400F06EC29D8415D0055EB90 /* RMSettingsViewController.swift in Sources */,
				40F2ABF429DBF35200CDC3D8 /* RMCharacterPhotoCollectionViewCell.swift in Sources */,
				400F06EE29D8494A0055EB90 /* RMService.swift in Sources */,
				400F072429D922BD0055EB90 /* Extensions.swift in Sources */,
				40F2ABFB29DBF40400CDC3D8 /* RMCharacterPhotoCollectionViewCellViewModel.swift in Sources */,
				400F06DF29D8403A0055EB90 /* RMLocation.swift in Sources */,
				400F06F229D849FD0055EB90 /* RMEndpoint.swift in Sources */,
				400F06E129D840460055EB90 /* RMCharacter.swift in Sources */,
				4096F82729DC26CD004A02C6 /* RMEpisodeDetailViewController.swift in Sources */,
				408A800D29DD4197003477F8 /* RMEpisodeDetailView.swift in Sources */,
				400F06F029D8495A0055EB90 /* RMRequest.swift in Sources */,
				40BCB8C229D93B4600AFFFF9 /* RMCharacterCollectionViewCellViewModel.swift in Sources */,
				400F06FE29D86DCB0055EB90 /* RMGetAllCharacterResponse.swift in Sources */,
				400F06E629D8410A0055EB90 /* RMCharacterViewController.swift in Sources */,
				40F2ABF629DBF36B00CDC3D8 /* RMCharacterEpisodeCollectionViewCell.swift in Sources */,
				400F072029D91C4A0055EB90 /* RMCharacterListViewViewModel.swift in Sources */,
				408A801229DD46F4003477F8 /* RMEpisodeListViewViewModel.swift in Sources */,
				408A800929DD3852003477F8 /* RMAPICacheManager.swift in Sources */,
				408A801429DD4A83003477F8 /* RMGetAllEpisodesResponse.swift in Sources */,
				408A800B29DD4139003477F8 /* RMEpisodeDetailViewViewModel.swift in Sources */,
				40BCB8C729D9531000AFFFF9 /* RMCharacterDetailView.swift in Sources */,
			);
			runOnlyForDeploymentPostprocessing = 0;
		};
/* End PBXSourcesBuildPhase section */

/* Begin PBXVariantGroup section */
		400F06CE29D83E190055EB90 /* LaunchScreen.storyboard */ = {
			isa = PBXVariantGroup;
			children = (
				400F06CF29D83E190055EB90 /* Base */,
			);
			name = LaunchScreen.storyboard;
			sourceTree = "<group>";
		};
/* End PBXVariantGroup section */

/* Begin XCBuildConfiguration section */
		400F06D229D83E190055EB90 /* Debug */ = {
			isa = XCBuildConfiguration;
			buildSettings = {
				ALWAYS_SEARCH_USER_PATHS = NO;
				CLANG_ANALYZER_NONNULL = YES;
				CLANG_ANALYZER_NUMBER_OBJECT_CONVERSION = YES_AGGRESSIVE;
				CLANG_CXX_LANGUAGE_STANDARD = "gnu++20";
				CLANG_ENABLE_MODULES = YES;
				CLANG_ENABLE_OBJC_ARC = YES;
				CLANG_ENABLE_OBJC_WEAK = YES;
				CLANG_WARN_BLOCK_CAPTURE_AUTORELEASING = YES;
				CLANG_WARN_BOOL_CONVERSION = YES;
				CLANG_WARN_COMMA = YES;
				CLANG_WARN_CONSTANT_CONVERSION = YES;
				CLANG_WARN_DEPRECATED_OBJC_IMPLEMENTATIONS = YES;
				CLANG_WARN_DIRECT_OBJC_ISA_USAGE = YES_ERROR;
				CLANG_WARN_DOCUMENTATION_COMMENTS = YES;
				CLANG_WARN_EMPTY_BODY = YES;
				CLANG_WARN_ENUM_CONVERSION = YES;
				CLANG_WARN_INFINITE_RECURSION = YES;
				CLANG_WARN_INT_CONVERSION = YES;
				CLANG_WARN_NON_LITERAL_NULL_CONVERSION = YES;
				CLANG_WARN_OBJC_IMPLICIT_RETAIN_SELF = YES;
				CLANG_WARN_OBJC_LITERAL_CONVERSION = YES;
				CLANG_WARN_OBJC_ROOT_CLASS = YES_ERROR;
				CLANG_WARN_QUOTED_INCLUDE_IN_FRAMEWORK_HEADER = YES;
				CLANG_WARN_RANGE_LOOP_ANALYSIS = YES;
				CLANG_WARN_STRICT_PROTOTYPES = YES;
				CLANG_WARN_SUSPICIOUS_MOVE = YES;
				CLANG_WARN_UNGUARDED_AVAILABILITY = YES_AGGRESSIVE;
				CLANG_WARN_UNREACHABLE_CODE = YES;
				CLANG_WARN__DUPLICATE_METHOD_MATCH = YES;
				COPY_PHASE_STRIP = NO;
				DEBUG_INFORMATION_FORMAT = dwarf;
				ENABLE_STRICT_OBJC_MSGSEND = YES;
				ENABLE_TESTABILITY = YES;
				GCC_C_LANGUAGE_STANDARD = gnu11;
				GCC_DYNAMIC_NO_PIC = NO;
				GCC_NO_COMMON_BLOCKS = YES;
				GCC_OPTIMIZATION_LEVEL = 0;
				GCC_PREPROCESSOR_DEFINITIONS = (
					"DEBUG=1",
					"$(inherited)",
				);
				GCC_WARN_64_TO_32_BIT_CONVERSION = YES;
				GCC_WARN_ABOUT_RETURN_TYPE = YES_ERROR;
				GCC_WARN_UNDECLARED_SELECTOR = YES;
				GCC_WARN_UNINITIALIZED_AUTOS = YES_AGGRESSIVE;
				GCC_WARN_UNUSED_FUNCTION = YES;
				GCC_WARN_UNUSED_VARIABLE = YES;
				IPHONEOS_DEPLOYMENT_TARGET = 13.0;
				MTL_ENABLE_DEBUG_INFO = INCLUDE_SOURCE;
				MTL_FAST_MATH = YES;
				ONLY_ACTIVE_ARCH = YES;
				SDKROOT = iphoneos;
				SWIFT_ACTIVE_COMPILATION_CONDITIONS = DEBUG;
				SWIFT_OPTIMIZATION_LEVEL = "-Onone";
			};
			name = Debug;
		};
		400F06D329D83E190055EB90 /* Release */ = {
			isa = XCBuildConfiguration;
			buildSettings = {
				ALWAYS_SEARCH_USER_PATHS = NO;
				CLANG_ANALYZER_NONNULL = YES;
				CLANG_ANALYZER_NUMBER_OBJECT_CONVERSION = YES_AGGRESSIVE;
				CLANG_CXX_LANGUAGE_STANDARD = "gnu++20";
				CLANG_ENABLE_MODULES = YES;
				CLANG_ENABLE_OBJC_ARC = YES;
				CLANG_ENABLE_OBJC_WEAK = YES;
				CLANG_WARN_BLOCK_CAPTURE_AUTORELEASING = YES;
				CLANG_WARN_BOOL_CONVERSION = YES;
				CLANG_WARN_COMMA = YES;
				CLANG_WARN_CONSTANT_CONVERSION = YES;
				CLANG_WARN_DEPRECATED_OBJC_IMPLEMENTATIONS = YES;
				CLANG_WARN_DIRECT_OBJC_ISA_USAGE = YES_ERROR;
				CLANG_WARN_DOCUMENTATION_COMMENTS = YES;
				CLANG_WARN_EMPTY_BODY = YES;
				CLANG_WARN_ENUM_CONVERSION = YES;
				CLANG_WARN_INFINITE_RECURSION = YES;
				CLANG_WARN_INT_CONVERSION = YES;
				CLANG_WARN_NON_LITERAL_NULL_CONVERSION = YES;
				CLANG_WARN_OBJC_IMPLICIT_RETAIN_SELF = YES;
				CLANG_WARN_OBJC_LITERAL_CONVERSION = YES;
				CLANG_WARN_OBJC_ROOT_CLASS = YES_ERROR;
				CLANG_WARN_QUOTED_INCLUDE_IN_FRAMEWORK_HEADER = YES;
				CLANG_WARN_RANGE_LOOP_ANALYSIS = YES;
				CLANG_WARN_STRICT_PROTOTYPES = YES;
				CLANG_WARN_SUSPICIOUS_MOVE = YES;
				CLANG_WARN_UNGUARDED_AVAILABILITY = YES_AGGRESSIVE;
				CLANG_WARN_UNREACHABLE_CODE = YES;
				CLANG_WARN__DUPLICATE_METHOD_MATCH = YES;
				COPY_PHASE_STRIP = NO;
				DEBUG_INFORMATION_FORMAT = "dwarf-with-dsym";
				ENABLE_NS_ASSERTIONS = NO;
				ENABLE_STRICT_OBJC_MSGSEND = YES;
				GCC_C_LANGUAGE_STANDARD = gnu11;
				GCC_NO_COMMON_BLOCKS = YES;
				GCC_WARN_64_TO_32_BIT_CONVERSION = YES;
				GCC_WARN_ABOUT_RETURN_TYPE = YES_ERROR;
				GCC_WARN_UNDECLARED_SELECTOR = YES;
				GCC_WARN_UNINITIALIZED_AUTOS = YES_AGGRESSIVE;
				GCC_WARN_UNUSED_FUNCTION = YES;
				GCC_WARN_UNUSED_VARIABLE = YES;
				IPHONEOS_DEPLOYMENT_TARGET = 13.0;
				MTL_ENABLE_DEBUG_INFO = NO;
				MTL_FAST_MATH = YES;
				SDKROOT = iphoneos;
				SWIFT_COMPILATION_MODE = wholemodule;
				SWIFT_OPTIMIZATION_LEVEL = "-O";
				VALIDATE_PRODUCT = YES;
			};
			name = Release;
		};
		400F06D529D83E190055EB90 /* Debug */ = {
			isa = XCBuildConfiguration;
			buildSettings = {
				ASSETCATALOG_COMPILER_APPICON_NAME = AppIcon;
				ASSETCATALOG_COMPILER_GLOBAL_ACCENT_COLOR_NAME = AccentColor;
				CODE_SIGN_STYLE = Automatic;
				CURRENT_PROJECT_VERSION = 1;
				DEVELOPMENT_TEAM = 4HQF58995T;
				GENERATE_INFOPLIST_FILE = YES;
				INFOPLIST_FILE = RickyAndMorty/Info.plist;
				INFOPLIST_KEY_UIApplicationSupportsIndirectInputEvents = YES;
				INFOPLIST_KEY_UILaunchStoryboardName = LaunchScreen;
				INFOPLIST_KEY_UISupportedInterfaceOrientations_iPad = "UIInterfaceOrientationPortrait UIInterfaceOrientationPortraitUpsideDown UIInterfaceOrientationLandscapeLeft UIInterfaceOrientationLandscapeRight";
				INFOPLIST_KEY_UISupportedInterfaceOrientations_iPhone = "UIInterfaceOrientationPortrait UIInterfaceOrientationLandscapeLeft UIInterfaceOrientationLandscapeRight";
				LD_RUNPATH_SEARCH_PATHS = (
					"$(inherited)",
					"@executable_path/Frameworks",
				);
				MARKETING_VERSION = 1.0;
				PRODUCT_BUNDLE_IDENTIFIER = com.interview.demo.RickyAndMorty;
				PRODUCT_NAME = "$(TARGET_NAME)";
				SWIFT_EMIT_LOC_STRINGS = YES;
				SWIFT_VERSION = 5.0;
				TARGETED_DEVICE_FAMILY = "1,2";
			};
			name = Debug;
		};
		400F06D629D83E190055EB90 /* Release */ = {
			isa = XCBuildConfiguration;
			buildSettings = {
				ASSETCATALOG_COMPILER_APPICON_NAME = AppIcon;
				ASSETCATALOG_COMPILER_GLOBAL_ACCENT_COLOR_NAME = AccentColor;
				CODE_SIGN_STYLE = Automatic;
				CURRENT_PROJECT_VERSION = 1;
				DEVELOPMENT_TEAM = 4HQF58995T;
				GENERATE_INFOPLIST_FILE = YES;
				INFOPLIST_FILE = RickyAndMorty/Info.plist;
				INFOPLIST_KEY_UIApplicationSupportsIndirectInputEvents = YES;
				INFOPLIST_KEY_UILaunchStoryboardName = LaunchScreen;
				INFOPLIST_KEY_UISupportedInterfaceOrientations_iPad = "UIInterfaceOrientationPortrait UIInterfaceOrientationPortraitUpsideDown UIInterfaceOrientationLandscapeLeft UIInterfaceOrientationLandscapeRight";
				INFOPLIST_KEY_UISupportedInterfaceOrientations_iPhone = "UIInterfaceOrientationPortrait UIInterfaceOrientationLandscapeLeft UIInterfaceOrientationLandscapeRight";
				LD_RUNPATH_SEARCH_PATHS = (
					"$(inherited)",
					"@executable_path/Frameworks",
				);
				MARKETING_VERSION = 1.0;
				PRODUCT_BUNDLE_IDENTIFIER = com.interview.demo.RickyAndMorty;
				PRODUCT_NAME = "$(TARGET_NAME)";
				SWIFT_EMIT_LOC_STRINGS = YES;
				SWIFT_VERSION = 5.0;
				TARGETED_DEVICE_FAMILY = "1,2";
			};
			name = Release;
		};
/* End XCBuildConfiguration section */

/* Begin XCConfigurationList section */
		400F06BB29D83E180055EB90 /* Build configuration list for PBXProject "RickyAndMorty" */ = {
			isa = XCConfigurationList;
			buildConfigurations = (
				400F06D229D83E190055EB90 /* Debug */,
				400F06D329D83E190055EB90 /* Release */,
			);
			defaultConfigurationIsVisible = 0;
			defaultConfigurationName = Release;
		};
		400F06D429D83E190055EB90 /* Build configuration list for PBXNativeTarget "RickyAndMorty" */ = {
			isa = XCConfigurationList;
			buildConfigurations = (
				400F06D529D83E190055EB90 /* Debug */,
				400F06D629D83E190055EB90 /* Release */,
			);
			defaultConfigurationIsVisible = 0;
			defaultConfigurationName = Release;
		};
/* End XCConfigurationList section */
	};
	rootObject = 400F06B829D83E180055EB90 /* Project object */;
}
